
Microsoft Visual Studio Solution File, Format Version 12.00
# Visual Studio Version 17
VisualStudioVersion = 17.0.31903.59
MinimumVisualStudioVersion = 10.0.40219.1
Project("{2150E333-8FDC-42A3-9474-1A3956D46DE8}") = "Api", "Api", "{D82C56D6-B2CD-F611-9E31-04638F7EC30E}"
EndProject
Project("{FAE04EC0-301F-11D3-BF4B-00C04F79EFBC}") = "Tora.Api", "src\Tora.Api\Tora.Api.csproj", "{F5DF820C-CBC6-4986-B78F-EBE944FDC66C}"
EndProject
Project("{2150E333-8FDC-42A3-9474-1A3956D46DE8}") = "Application", "Application", "{A74F262E-BDE7-D5D2-89E9-785413424D0A}"
EndProject
Project("{FAE04EC0-301F-11D3-BF4B-00C04F79EFBC}") = "Tora.Application", "src\Tora.Application\Tora.Application.csproj", "{70606332-831E-4E42-B0DC-F53A6F0F227C}"
EndProject
Project("{2150E333-8FDC-42A3-9474-1A3956D46DE8}") = "Domain", "Domain", "{996CEBED-A05B-5D42-3FF0-982E087A2599}"
EndProject
Project("{FAE04EC0-301F-11D3-BF4B-00C04F79EFBC}") = "Tora.Domain", "src\Tora.Domain\Tora.Domain.csproj", "{896A9A98-C71D-4F48-9E30-FD3F7C19766B}"
EndProject
Project("{2150E333-8FDC-42A3-9474-1A3956D46DE8}") = "Infrastructure", "Infrastructure", "{DFEE68D8-A7D0-1A41-506C-9B74AA9A7B7B}"
EndProject
Project("{FAE04EC0-301F-11D3-BF4B-00C04F79EFBC}") = "Tora.Infrastructure", "src\Tora.Infrastructure\Tora.Infrastructure.csproj", "{4A7A47C4-EBC6-4CF6-AF5E-36EAEF94D9DC}"
EndProject
Global
	GlobalSection(SolutionConfigurationPlatforms) = preSolution
		Debug|Any CPU = Debug|Any CPU
		Debug|x64 = Debug|x64
		Debug|x86 = Debug|x86
		Release|Any CPU = Release|Any CPU
		Release|x64 = Release|x64
		Release|x86 = Release|x86
	EndGlobalSection
	GlobalSection(ProjectConfigurationPlatforms) = postSolution
		{F5DF820C-CBC6-4986-B78F-EBE944FDC66C}.Debug|Any CPU.ActiveCfg = Debug|Any CPU
		{F5DF820C-CBC6-4986-B78F-EBE944FDC66C}.Debug|Any CPU.Build.0 = Debug|Any CPU
		{F5DF820C-CBC6-4986-B78F-EBE944FDC66C}.Debug|x64.ActiveCfg = Debug|Any CPU
		{F5DF820C-CBC6-4986-B78F-EBE944FDC66C}.Debug|x64.Build.0 = Debug|Any CPU
		{F5DF820C-CBC6-4986-B78F-EBE944FDC66C}.Debug|x86.ActiveCfg = Debug|Any CPU
		{F5DF820C-CBC6-4986-B78F-EBE944FDC66C}.Debug|x86.Build.0 = Debug|Any CPU
		{F5DF820C-CBC6-4986-B78F-EBE944FDC66C}.Release|Any CPU.ActiveCfg = Release|Any CPU
		{F5DF820C-CBC6-4986-B78F-EBE944FDC66C}.Release|Any CPU.Build.0 = Release|Any CPU
		{F5DF820C-CBC6-4986-B78F-EBE944FDC66C}.Release|x64.ActiveCfg = Release|Any CPU
		{F5DF820C-CBC6-4986-B78F-EBE944FDC66C}.Release|x64.Build.0 = Release|Any CPU
		{F5DF820C-CBC6-4986-B78F-EBE944FDC66C}.Release|x86.ActiveCfg = Release|Any CPU
		{F5DF820C-CBC6-4986-B78F-EBE944FDC66C}.Release|x86.Build.0 = Release|Any CPU
		{70606332-831E-4E42-B0DC-F53A6F0F227C}.Debug|Any CPU.ActiveCfg = Debug|Any CPU
		{70606332-831E-4E42-B0DC-F53A6F0F227C}.Debug|Any CPU.Build.0 = Debug|Any CPU
		{70606332-831E-4E42-B0DC-F53A6F0F227C}.Debug|x64.ActiveCfg = Debug|Any CPU
		{70606332-831E-4E42-B0DC-F53A6F0F227C}.Debug|x64.Build.0 = Debug|Any CPU
		{70606332-831E-4E42-B0DC-F53A6F0F227C}.Debug|x86.ActiveCfg = Debug|Any CPU
		{70606332-831E-4E42-B0DC-F53A6F0F227C}.Debug|x86.Build.0 = Debug|Any CPU
		{70606332-831E-4E42-B0DC-F53A6F0F227C}.Release|Any CPU.ActiveCfg = Release|Any CPU
		{70606332-831E-4E42-B0DC-F53A6F0F227C}.Release|Any CPU.Build.0 = Release|Any CPU
		{70606332-831E-4E42-B0DC-F53A6F0F227C}.Release|x64.ActiveCfg = Release|Any CPU
		{70606332-831E-4E42-B0DC-F53A6F0F227C}.Release|x64.Build.0 = Release|Any CPU
		{70606332-831E-4E42-B0DC-F53A6F0F227C}.Release|x86.ActiveCfg = Release|Any CPU
		{70606332-831E-4E42-B0DC-F53A6F0F227C}.Release|x86.Build.0 = Release|Any CPU
		{896A9A98-C71D-4F48-9E30-FD3F7C19766B}.Debug|Any CPU.ActiveCfg = Debug|Any CPU
		{896A9A98-C71D-4F48-9E30-FD3F7C19766B}.Debug|Any CPU.Build.0 = Debug|Any CPU
		{896A9A98-C71D-4F48-9E30-FD3F7C19766B}.Debug|x64.ActiveCfg = Debug|Any CPU
		{896A9A98-C71D-4F48-9E30-FD3F7C19766B}.Debug|x64.Build.0 = Debug|Any CPU
		{896A9A98-C71D-4F48-9E30-FD3F7C19766B}.Debug|x86.ActiveCfg = Debug|Any CPU
		{896A9A98-C71D-4F48-9E30-FD3F7C19766B}.Debug|x86.Build.0 = Debug|Any CPU
		{896A9A98-C71D-4F48-9E30-FD3F7C19766B}.Release|Any CPU.ActiveCfg = Release|Any CPU
		{896A9A98-C71D-4F48-9E30-FD3F7C19766B}.Release|Any CPU.Build.0 = Release|Any CPU
		{896A9A98-C71D-4F48-9E30-FD3F7C19766B}.Release|x64.ActiveCfg = Release|Any CPU
		{896A9A98-C71D-4F48-9E30-FD3F7C19766B}.Release|x64.Build.0 = Release|Any CPU
		{896A9A98-C71D-4F48-9E30-FD3F7C19766B}.Release|x86.ActiveCfg = Release|Any CPU
		{896A9A98-C71D-4F48-9E30-FD3F7C19766B}.Release|x86.Build.0 = Release|Any CPU
		{4A7A47C4-EBC6-4CF6-AF5E-36EAEF94D9DC}.Debug|Any CPU.ActiveCfg = Debug|Any CPU
		{4A7A47C4-EBC6-4CF6-AF5E-36EAEF94D9DC}.Debug|Any CPU.Build.0 = Debug|Any CPU
		{4A7A47C4-EBC6-4CF6-AF5E-36EAEF94D9DC}.Debug|x64.ActiveCfg = Debug|Any CPU
		{4A7A47C4-EBC6-4CF6-AF5E-36EAEF94D9DC}.Debug|x64.Build.0 = Debug|Any CPU
		{4A7A47C4-EBC6-4CF6-AF5E-36EAEF94D9DC}.Debug|x86.ActiveCfg = Debug|Any CPU
		{4A7A47C4-EBC6-4CF6-AF5E-36EAEF94D9DC}.Debug|x86.Build.0 = Debug|Any CPU
		{4A7A47C4-EBC6-4CF6-AF5E-36EAEF94D9DC}.Release|Any CPU.ActiveCfg = Release|Any CPU
		{4A7A47C4-EBC6-4CF6-AF5E-36EAEF94D9DC}.Release|Any CPU.Build.0 = Release|Any CPU
		{4A7A47C4-EBC6-4CF6-AF5E-36EAEF94D9DC}.Release|x64.ActiveCfg = Release|Any CPU
		{4A7A47C4-EBC6-4CF6-AF5E-36EAEF94D9DC}.Release|x64.Build.0 = Release|Any CPU
		{4A7A47C4-EBC6-4CF6-AF5E-36EAEF94D9DC}.Release|x86.ActiveCfg = Release|Any CPU
		{4A7A47C4-EBC6-4CF6-AF5E-36EAEF94D9DC}.Release|x86.Build.0 = Release|Any CPU
	EndGlobalSection
	GlobalSection(SolutionProperties) = preSolution
		HideSolutionNode = FALSE
	EndGlobalSection
	GlobalSection(NestedProjects) = preSolution
		{F5DF820C-CBC6-4986-B78F-EBE944FDC66C} = {D82C56D6-B2CD-F611-9E31-04638F7EC30E}
		{70606332-831E-4E42-B0DC-F53A6F0F227C} = {A74F262E-BDE7-D5D2-89E9-785413424D0A}
		{896A9A98-C71D-4F48-9E30-FD3F7C19766B} = {996CEBED-A05B-5D42-3FF0-982E087A2599}
		{4A7A47C4-EBC6-4CF6-AF5E-36EAEF94D9DC} = {DFEE68D8-A7D0-1A41-506C-9B74AA9A7B7B}
	EndGlobalSection
EndGlobal
